
Microsoft Visual Studio Solution File, Format Version 11.00
# Visual Studio 2010
Project("{F2A71F9B-5D33-465A-A702-920D77279786}") = "FArchaeologist", "FArchaeologist\FArchaeologist.fsproj", "{935BDED2-5CDF-4B92-A132-2DBDE6828DAE}"
EndProject
Global
	GlobalSection(SolutionConfigurationPlatforms) = preSolution
		Debug|Any CPU = Debug|Any CPU
		Release|Any CPU = Release|Any CPU
	EndGlobalSection
	GlobalSection(ProjectConfigurationPlatforms) = postSolution
		{935BDED2-5CDF-4B92-A132-2DBDE6828DAE}.Debug|Any CPU.ActiveCfg = Debug|Any CPU
		{935BDED2-5CDF-4B92-A132-2DBDE6828DAE}.Debug|Any CPU.Build.0 = Debug|Any CPU
		{935BDED2-5CDF-4B92-A132-2DBDE6828DAE}.Release|Any CPU.ActiveCfg = Release|Any CPU
		{935BDED2-5CDF-4B92-A132-2DBDE6828DAE}.Release|Any CPU.Build.0 = Release|Any CPU
	EndGlobalSection
	GlobalSection(SolutionProperties) = preSolution
		HideSolutionNode = FALSE
	EndGlobalSection
EndGlobal
